
Microsoft Visual Studio Solution File, Format Version 12.00
# Visual Studio Version 17
VisualStudioVersion = 17.11.35222.181
MinimumVisualStudioVersion = 10.0.40219.1
Project("{FAE04EC0-301F-11D3-BF4B-00C04F79EFBC}") = "Task2", "Task2.csproj", "{A38A91DC-F377-4A6A-91BA-583FDED31A6E}"
EndProject
Global
	GlobalSection(SolutionConfigurationPlatforms) = preSolution
		Debug|Any CPU = Debug|Any CPU
		Release|Any CPU = Release|Any CPU
	EndGlobalSection
	GlobalSection(ProjectConfigurationPlatforms) = postSolution
		{A38A91DC-F377-4A6A-91BA-583FDED31A6E}.Debug|Any CPU.ActiveCfg = Debug|Any CPU
		{A38A91DC-F377-4A6A-91BA-583FDED31A6E}.Debug|Any CPU.Build.0 = Debug|Any CPU
		{A38A91DC-F377-4A6A-91BA-583FDED31A6E}.Release|Any CPU.ActiveCfg = Release|Any CPU
		{A38A91DC-F377-4A6A-91BA-583FDED31A6E}.Release|Any CPU.Build.0 = Release|Any CPU
	EndGlobalSection
	GlobalSection(SolutionProperties) = preSolution
		HideSolutionNode = FALSE
	EndGlobalSection
	GlobalSection(ExtensibilityGlobals) = postSolution
		SolutionGuid = {6FF4FCDB-15BF-4DE3-A795-C4BA2D8A228C}
	EndGlobalSection
EndGlobal
